// !$*UTF8*$!
{
	archiveVersion = 1;
	classes = {
	};
	objectVersion = 46;
	objects = {

/* Begin PBXBuildFile section */
		960FA0931605819F00923A87 /* CoreFoundation.framework in Frameworks */ = {isa = PBXBuildFile; fileRef = 960FA0921605819F00923A87 /* CoreFoundation.framework */; };
		960FA0A2160584AC00923A87 /* BetterConsole.m in Sources */ = {isa = PBXBuildFile; fileRef = 960FA0A1160584AC00923A87 /* BetterConsole.m */; };
		960FA0A51605858E00923A87 /* AppKit.framework in Frameworks */ = {isa = PBXBuildFile; fileRef = 960FA0A31605858400923A87 /* AppKit.framework */; };
		9624292D1606D62900C3B076 /* BCFilePathHighlighter.m in Sources */ = {isa = PBXBuildFile; fileRef = 9624292C1606D62900C3B076 /* BCFilePathHighlighter.m */; };
		96316C121606DC1A00834CE3 /* BCFilePathNavigator.m in Sources */ = {isa = PBXBuildFile; fileRef = 96316C111606DC1A00834CE3 /* BCFilePathNavigator.m */; };
		9675DE98161869F400590F98 /* BCColorHighlighter.m in Sources */ = {isa = PBXBuildFile; fileRef = 9675DE97161869F400590F98 /* BCColorHighlighter.m */; };
		96D126FD16D178D30004B2BF /* BCFilePathFinder.m in Sources */ = {isa = PBXBuildFile; fileRef = 96D126FC16D178D30004B2BF /* BCFilePathFinder.m */; };
		96F5380E16188F7800FD9AAF /* BCUtils.m in Sources */ = {isa = PBXBuildFile; fileRef = 96F5380D16188F7800FD9AAF /* BCUtils.m */; };
/* End PBXBuildFile section */

/* Begin PBXContainerItemProxy section */
		969653711618017E00C28CE0 /* PBXContainerItemProxy */ = {
			isa = PBXContainerItemProxy;
			containerPortal = 960FA0861605819F00923A87 /* Project object */;
			proxyType = 1;
			remoteGlobalIDString = 9696536B1618014900C28CE0;
			remoteInfo = Clean;
		};
/* End PBXContainerItemProxy section */

/* Begin PBXFileReference section */
		960FA08F1605819F00923A87 /* BetterConsole.xcplugin */ = {isa = PBXFileReference; explicitFileType = wrapper.cfbundle; includeInIndex = 0; path = BetterConsole.xcplugin; sourceTree = BUILT_PRODUCTS_DIR; };
		960FA0921605819F00923A87 /* CoreFoundation.framework */ = {isa = PBXFileReference; lastKnownFileType = wrapper.framework; name = CoreFoundation.framework; path = System/Library/Frameworks/CoreFoundation.framework; sourceTree = SDKROOT; };
		960FA0961605819F00923A87 /* Info.plist */ = {isa = PBXFileReference; lastKnownFileType = text.plist.xml; path = Info.plist; sourceTree = "<group>"; };
		960FA0A0160584AC00923A87 /* BetterConsole.h */ = {isa = PBXFileReference; fileEncoding = 4; lastKnownFileType = sourcecode.c.h; path = BetterConsole.h; sourceTree = "<group>"; };
		960FA0A1160584AC00923A87 /* BetterConsole.m */ = {isa = PBXFileReference; fileEncoding = 4; lastKnownFileType = sourcecode.c.objc; path = BetterConsole.m; sourceTree = "<group>"; };
		960FA0A31605858400923A87 /* AppKit.framework */ = {isa = PBXFileReference; lastKnownFileType = wrapper.framework; name = AppKit.framework; path = System/Library/Frameworks/AppKit.framework; sourceTree = SDKROOT; };
		9624292B1606D62900C3B076 /* BCFilePathHighlighter.h */ = {isa = PBXFileReference; fileEncoding = 4; lastKnownFileType = sourcecode.c.h; path = BCFilePathHighlighter.h; sourceTree = "<group>"; };
		9624292C1606D62900C3B076 /* BCFilePathHighlighter.m */ = {isa = PBXFileReference; fileEncoding = 4; lastKnownFileType = sourcecode.c.objc; path = BCFilePathHighlighter.m; sourceTree = "<group>"; };
		96316C101606DC1A00834CE3 /* BCFilePathNavigator.h */ = {isa = PBXFileReference; fileEncoding = 4; lastKnownFileType = sourcecode.c.h; path = BCFilePathNavigator.h; sourceTree = "<group>"; };
		96316C111606DC1A00834CE3 /* BCFilePathNavigator.m */ = {isa = PBXFileReference; fileEncoding = 4; lastKnownFileType = sourcecode.c.objc; path = BCFilePathNavigator.m; sourceTree = "<group>"; };
		9675DE96161869F400590F98 /* BCColorHighlighter.h */ = {isa = PBXFileReference; fileEncoding = 4; lastKnownFileType = sourcecode.c.h; path = BCColorHighlighter.h; sourceTree = "<group>"; };
		9675DE97161869F400590F98 /* BCColorHighlighter.m */ = {isa = PBXFileReference; fileEncoding = 4; lastKnownFileType = sourcecode.c.objc; path = BCColorHighlighter.m; sourceTree = "<group>"; };
		969653701618016300C28CE0 /* clean.sh */ = {isa = PBXFileReference; fileEncoding = 4; lastKnownFileType = text.script.sh; path = clean.sh; sourceTree = "<group>"; };
		96D126FB16D178D30004B2BF /* BCFilePathFinder.h */ = {isa = PBXFileReference; fileEncoding = 4; lastKnownFileType = sourcecode.c.h; path = BCFilePathFinder.h; sourceTree = "<group>"; };
		96D126FC16D178D30004B2BF /* BCFilePathFinder.m */ = {isa = PBXFileReference; fileEncoding = 4; lastKnownFileType = sourcecode.c.objc; path = BCFilePathFinder.m; sourceTree = "<group>"; };
		96F5380C16188F7800FD9AAF /* BCUtils.h */ = {isa = PBXFileReference; fileEncoding = 4; lastKnownFileType = sourcecode.c.h; path = BCUtils.h; sourceTree = "<group>"; };
		96F5380D16188F7800FD9AAF /* BCUtils.m */ = {isa = PBXFileReference; fileEncoding = 4; lastKnownFileType = sourcecode.c.objc; path = BCUtils.m; sourceTree = "<group>"; };
		96FF2B871609E08D00D2A383 /* README.md */ = {isa = PBXFileReference; fileEncoding = 4; lastKnownFileType = text; path = README.md; sourceTree = "<group>"; };
/* End PBXFileReference section */

/* Begin PBXFrameworksBuildPhase section */
		960FA08C1605819F00923A87 /* Frameworks */ = {
			isa = PBXFrameworksBuildPhase;
			buildActionMask = 2147483647;
			files = (
				960FA0A51605858E00923A87 /* AppKit.framework in Frameworks */,
				960FA0931605819F00923A87 /* CoreFoundation.framework in Frameworks */,
			);
			runOnlyForDeploymentPostprocessing = 0;
		};
/* End PBXFrameworksBuildPhase section */

/* Begin PBXGroup section */
		960FA0841605819F00923A87 = {
			isa = PBXGroup;
			children = (
				96FF2B871609E08D00D2A383 /* README.md */,
				960FA0941605819F00923A87 /* BetterConsole */,
				960FA0951605819F00923A87 /* Supporting Files */,
				960FA0911605819F00923A87 /* Frameworks */,
				960FA0901605819F00923A87 /* Products */,
			);
			sourceTree = "<group>";
		};
		960FA0901605819F00923A87 /* Products */ = {
			isa = PBXGroup;
			children = (
				960FA08F1605819F00923A87 /* BetterConsole.xcplugin */,
			);
			name = Products;
			sourceTree = "<group>";
		};
		960FA0911605819F00923A87 /* Frameworks */ = {
			isa = PBXGroup;
			children = (
				960FA0A31605858400923A87 /* AppKit.framework */,
				960FA0921605819F00923A87 /* CoreFoundation.framework */,
			);
			name = Frameworks;
			sourceTree = "<group>";
		};
		960FA0941605819F00923A87 /* BetterConsole */ = {
			isa = PBXGroup;
			children = (
				960FA0A0160584AC00923A87 /* BetterConsole.h */,
				960FA0A1160584AC00923A87 /* BetterConsole.m */,
				9624292B1606D62900C3B076 /* BCFilePathHighlighter.h */,
				9624292C1606D62900C3B076 /* BCFilePathHighlighter.m */,
				96316C101606DC1A00834CE3 /* BCFilePathNavigator.h */,
				96316C111606DC1A00834CE3 /* BCFilePathNavigator.m */,
				96D126FB16D178D30004B2BF /* BCFilePathFinder.h */,
				96D126FC16D178D30004B2BF /* BCFilePathFinder.m */,
				9675DE96161869F400590F98 /* BCColorHighlighter.h */,
				9675DE97161869F400590F98 /* BCColorHighlighter.m */,
				96F5380C16188F7800FD9AAF /* BCUtils.h */,
				96F5380D16188F7800FD9AAF /* BCUtils.m */,
			);
			path = BetterConsole;
			sourceTree = "<group>";
		};
		960FA0951605819F00923A87 /* Supporting Files */ = {
			isa = PBXGroup;
			children = (
				960FA0961605819F00923A87 /* Info.plist */,
				969653701618016300C28CE0 /* clean.sh */,
			);
			name = "Supporting Files";
			path = BetterConsole;
			sourceTree = "<group>";
		};
/* End PBXGroup section */

/* Begin PBXLegacyTarget section */
		9696536B1618014900C28CE0 /* Clean */ = {
			isa = PBXLegacyTarget;
			buildArgumentsString = "${PROJECT_DIR}/${PROJECT}/clean.sh";
			buildConfigurationList = 9696536E1618014900C28CE0 /* Build configuration list for PBXLegacyTarget "Clean" */;
			buildPhases = (
			);
			buildToolPath = /bin/sh;
			buildWorkingDirectory = "";
			dependencies = (
			);
			name = Clean;
			passBuildSettingsInEnvironment = 1;
			productName = Clean;
		};
/* End PBXLegacyTarget section */

/* Begin PBXNativeTarget section */
		960FA08E1605819F00923A87 /* BetterConsole */ = {
			isa = PBXNativeTarget;
			buildConfigurationList = 960FA09D160581A000923A87 /* Build configuration list for PBXNativeTarget "BetterConsole" */;
			buildPhases = (
				960FA08B1605819F00923A87 /* Sources */,
				960FA08C1605819F00923A87 /* Frameworks */,
			);
			buildRules = (
			);
			dependencies = (
				969653721618017E00C28CE0 /* PBXTargetDependency */,
			);
			name = BetterConsole;
			productName = BetterConsole;
			productReference = 960FA08F1605819F00923A87 /* BetterConsole.xcplugin */;
			productType = "com.apple.product-type.bundle";
		};
/* End PBXNativeTarget section */

/* Begin PBXProject section */
		960FA0861605819F00923A87 /* Project object */ = {
			isa = PBXProject;
			attributes = {
				LastUpgradeCheck = 0440;
			};
			buildConfigurationList = 960FA0891605819F00923A87 /* Build configuration list for PBXProject "BetterConsole" */;
			compatibilityVersion = "Xcode 3.2";
			developmentRegion = English;
			hasScannedForEncodings = 0;
			knownRegions = (
				en,
			);
			mainGroup = 960FA0841605819F00923A87;
			productRefGroup = 960FA0901605819F00923A87 /* Products */;
			projectDirPath = "";
			projectRoot = "";
			targets = (
				960FA08E1605819F00923A87 /* BetterConsole */,
				9696536B1618014900C28CE0 /* Clean */,
			);
		};
/* End PBXProject section */

/* Begin PBXSourcesBuildPhase section */
		960FA08B1605819F00923A87 /* Sources */ = {
			isa = PBXSourcesBuildPhase;
			buildActionMask = 2147483647;
			files = (
				960FA0A2160584AC00923A87 /* BetterConsole.m in Sources */,
				9624292D1606D62900C3B076 /* BCFilePathHighlighter.m in Sources */,
				96316C121606DC1A00834CE3 /* BCFilePathNavigator.m in Sources */,
				9675DE98161869F400590F98 /* BCColorHighlighter.m in Sources */,
				96F5380E16188F7800FD9AAF /* BCUtils.m in Sources */,
				96D126FD16D178D30004B2BF /* BCFilePathFinder.m in Sources */,
			);
			runOnlyForDeploymentPostprocessing = 0;
		};
/* End PBXSourcesBuildPhase section */

/* Begin PBXTargetDependency section */
		969653721618017E00C28CE0 /* PBXTargetDependency */ = {
			isa = PBXTargetDependency;
			target = 9696536B1618014900C28CE0 /* Clean */;
			targetProxy = 969653711618017E00C28CE0 /* PBXContainerItemProxy */;
		};
/* End PBXTargetDependency section */

/* Begin XCBuildConfiguration section */
		960FA09B160581A000923A87 /* Debug */ = {
			isa = XCBuildConfiguration;
			buildSettings = {
				ARCHS = "$(ARCHS_STANDARD_32_64_BIT)";
				CLANG_WARN__DUPLICATE_METHOD_MATCH = YES;
				GCC_C_LANGUAGE_STANDARD = c99;
				GCC_OPTIMIZATION_LEVEL = 0;
				GCC_PREPROCESSOR_DEFINITIONS = (
					"DEBUG=1",
					"$(inherited)",
				);
				GCC_WARN_64_TO_32_BIT_CONVERSION = YES;
				GCC_WARN_ABOUT_RETURN_TYPE = YES;
				GCC_WARN_UNINITIALIZED_AUTOS = YES;
				GCC_WARN_UNUSED_VARIABLE = YES;
				INSTALL_PATH = "$(HOME)/Library/Application Support/Developer/Shared/Xcode/Plug-ins";
				SDKROOT = macosx;
			};
			name = Debug;
		};
		960FA09C160581A000923A87 /* Release */ = {
			isa = XCBuildConfiguration;
			buildSettings = {
				ARCHS = "$(ARCHS_STANDARD_32_64_BIT)";
				CLANG_WARN__DUPLICATE_METHOD_MATCH = YES;
				DEBUG_INFORMATION_FORMAT = "dwarf-with-dsym";
				GCC_C_LANGUAGE_STANDARD = c99;
				GCC_OPTIMIZATION_LEVEL = 0;
				GCC_WARN_64_TO_32_BIT_CONVERSION = YES;
				GCC_WARN_ABOUT_RETURN_TYPE = YES;
				GCC_WARN_UNINITIALIZED_AUTOS = YES;
				GCC_WARN_UNUSED_VARIABLE = YES;
				INSTALL_PATH = "$(HOME)/Library/Application Support/Developer/Shared/Xcode/Plug-ins";
				SDKROOT = macosx;
			};
			name = Release;
		};
		960FA09E160581A000923A87 /* Debug */ = {
			isa = XCBuildConfiguration;
			buildSettings = {
				COMBINE_HIDPI_IMAGES = YES;
				COPY_PHASE_STRIP = NO;
				DEPLOYMENT_LOCATION = YES;
				DEPLOYMENT_POSTPROCESSING = YES;
				DSTROOT = "$(HOME)";
				GCC_ENABLE_OBJC_GC = supported;
				GCC_MODEL_TUNING = G5;
				INFOPLIST_FILE = BetterConsole/Info.plist;
				INSTALL_PATH = "/Library/Application Support/Developer/Shared/Xcode/Plug-ins";
				LD_RUNPATH_SEARCH_PATHS = /Developer;
				PRODUCT_NAME = "$(TARGET_NAME)";
				STRIP_INSTALLED_PRODUCT = NO;
				WRAPPER_EXTENSION = xcplugin;
			};
			name = Debug;
		};
		960FA09F160581A000923A87 /* Release */ = {
			isa = XCBuildConfiguration;
			buildSettings = {
				COMBINE_HIDPI_IMAGES = YES;
				COPY_PHASE_STRIP = NO;
				DEPLOYMENT_LOCATION = YES;
				DEPLOYMENT_POSTPROCESSING = YES;
				DSTROOT = "$(HOME)";
				GCC_ENABLE_OBJC_GC = supported;
				GCC_MODEL_TUNING = G5;
				INFOPLIST_FILE = BetterConsole/Info.plist;
				INSTALL_PATH = "/Library/Application Support/Developer/Shared/Xcode/Plug-ins";
				LD_RUNPATH_SEARCH_PATHS = /Developer;
				PRODUCT_NAME = "$(TARGET_NAME)";
				STRIP_INSTALLED_PRODUCT = NO;
				WRAPPER_EXTENSION = xcplugin;
			};
			name = Release;
		};
		9696536C1618014900C28CE0 /* Debug */ = {
			isa = XCBuildConfiguration;
			buildSettings = {
				ALWAYS_SEARCH_USER_PATHS = NO;
				ARCHS = "$(ARCHS_STANDARD_64_BIT)";
				CLANG_CXX_LANGUAGE_STANDARD = "gnu++0x";
				COPY_PHASE_STRIP = NO;
				DEBUGGING_SYMBOLS = YES;
				GCC_C_LANGUAGE_STANDARD = gnu99;
				GCC_DYNAMIC_NO_PIC = NO;
				GCC_ENABLE_OBJC_EXCEPTIONS = YES;
				GCC_GENERATE_DEBUGGING_SYMBOLS = YES;
				GCC_OPTIMIZATION_LEVEL = 0;
				GCC_SYMBOLS_PRIVATE_EXTERN = NO;
				MACOSX_DEPLOYMENT_TARGET = 10.8;
				ONLY_ACTIVE_ARCH = YES;
				OTHER_CFLAGS = "";
				OTHER_LDFLAGS = "";
				PRODUCT_NAME = "$(TARGET_NAME)";
			};
			name = Debug;
		};
		9696536D1618014900C28CE0 /* Release */ = {
			isa = XCBuildConfiguration;
			buildSettings = {
				ALWAYS_SEARCH_USER_PATHS = NO;
				ARCHS = "$(ARCHS_STANDARD_64_BIT)";
				CLANG_CXX_LANGUAGE_STANDARD = "gnu++0x";
				COPY_PHASE_STRIP = YES;
				GCC_C_LANGUAGE_STANDARD = gnu99;
				GCC_ENABLE_OBJC_EXCEPTIONS = YES;
				MACOSX_DEPLOYMENT_TARGET = 10.8;
				OTHER_CFLAGS = "";
				OTHER_LDFLAGS = "";
				PRODUCT_NAME = "$(TARGET_NAME)";
			};
			name = Release;
		};
/* End XCBuildConfiguration section */

/* Begin XCConfigurationList section */
		960FA0891605819F00923A87 /* Build configuration list for PBXProject "BetterConsole" */ = {
			isa = XCConfigurationList;
			buildConfigurations = (
				960FA09B160581A000923A87 /* Debug */,
				960FA09C160581A000923A87 /* Release */,
			);
			defaultConfigurationIsVisible = 0;
			defaultConfigurationName = Release;
		};
		960FA09D160581A000923A87 /* Build configuration list for PBXNativeTarget "BetterConsole" */ = {
			isa = XCConfigurationList;
			buildConfigurations = (
				960FA09E160581A000923A87 /* Debug */,
				960FA09F160581A000923A87 /* Release */,
			);
			defaultConfigurationIsVisible = 0;
			defaultConfigurationName = Release;
		};
		9696536E1618014900C28CE0 /* Build configuration list for PBXLegacyTarget "Clean" */ = {
			isa = XCConfigurationList;
			buildConfigurations = (
				9696536C1618014900C28CE0 /* Debug */,
				9696536D1618014900C28CE0 /* Release */,
			);
			defaultConfigurationIsVisible = 0;
		};
/* End XCConfigurationList section */
	};
	rootObject = 960FA0861605819F00923A87 /* Project object */;
}
